# @generated by Move, please check-in and do not edit manually.

[move]
version = 3
manifest_digest = "2E72CC26AF17F62388DEA95CCCF06906F4E3A6DAD5A1AB4A656D56E7EC3DA884"
deps_digest = "F8BBB0CCB2491CA29A3DF03D6F92277A4F3574266507ACD77214D37ECA3F3082"
dependencies = [
  { id = "Sui", name = "Sui" },
]

[[move.package]]
id = "MoveStdlib"
source = { local = "../sui-deps/sui-devnet-v1.18.0/crates/sui-framework/packages/move-stdlib" }

[[move.package]]
id = "Sui"
source = { local = "../sui-deps/sui-devnet-v1.18.0/crates/sui-framework/packages/sui-framework" }

dependencies = [
  { id = "MoveStdlib", name = "MoveStdlib" },
]

[move.toolchain-version]
compiler-version = "1.41.1"
edition = "2024"
flavor = "sui"

[env]

[env.devnet]
chain-id = "3f2108a2"
original-published-id = "0xe78f0a68fa11f8532de2582383a22a0b8b48f228a9f231a5d63aac840c039e23"
latest-published-id = "0xe78f0a68fa11f8532de2582383a22a0b8b48f228a9f231a5d63aac840c039e23"
published-version = "1"
